
Microsoft Visual Studio Solution File, Format Version 12.00
# Visual Studio Version 17
VisualStudioVersion = 17.0.32112.339
MinimumVisualStudioVersion = 10.0.40219.1
Project("{9A19103F-16F7-4668-BE54-9A1E7A4F7556}") = "TestProject", "TestProject.csproj", "{23E60D43-97DD-41A8-ADDF-712D4818E5D4}"
EndProject
Project("{FAE04EC0-301F-11D3-BF4B-00C04F79EFBC}") = "TestProjectTests", "..\TestProjectTests\TestProjectTests.csproj", "{45F14CC1-86E9-4ABF-BCC5-958C1AB867ED}"
EndProject
Global
	GlobalSection(SolutionConfigurationPlatforms) = preSolution
		Debug|Any CPU = Debug|Any CPU
		Release|Any CPU = Release|Any CPU
	EndGlobalSection
	GlobalSection(ProjectConfigurationPlatforms) = postSolution
		{23E60D43-97DD-41A8-ADDF-712D4818E5D4}.Debug|Any CPU.ActiveCfg = Debug|Any CPU
		{23E60D43-97DD-41A8-ADDF-712D4818E5D4}.Debug|Any CPU.Build.0 = Debug|Any CPU
		{23E60D43-97DD-41A8-ADDF-712D4818E5D4}.Release|Any CPU.ActiveCfg = Release|Any CPU
		{23E60D43-97DD-41A8-ADDF-712D4818E5D4}.Release|Any CPU.Build.0 = Release|Any CPU
		{45F14CC1-86E9-4ABF-BCC5-958C1AB867ED}.Debug|Any CPU.ActiveCfg = Debug|Any CPU
		{45F14CC1-86E9-4ABF-BCC5-958C1AB867ED}.Debug|Any CPU.Build.0 = Debug|Any CPU
		{45F14CC1-86E9-4ABF-BCC5-958C1AB867ED}.Release|Any CPU.ActiveCfg = Release|Any CPU
		{45F14CC1-86E9-4ABF-BCC5-958C1AB867ED}.Release|Any CPU.Build.0 = Release|Any CPU
	EndGlobalSection
	GlobalSection(SolutionProperties) = preSolution
		HideSolutionNode = FALSE
	EndGlobalSection
	GlobalSection(ExtensibilityGlobals) = postSolution
		SolutionGuid = {3EF00509-2C59-4B55-BE87-CCA5975F6D85}
	EndGlobalSection
EndGlobal
